
Microsoft Visual Studio Solution File, Format Version 12.00
# Visual Studio Version 17
VisualStudioVersion = 17.0.31903.59
MinimumVisualStudioVersion = 10.0.40219.1
Project("{FAE04EC0-301F-11D3-BF4B-00C04F79EFBC}") = "EComm.API", "EComm.API\EComm.API.csproj", "{F363FE23-9988-4CD7-9A0F-047E02BAB7BA}"
EndProject
Project("{FAE04EC0-301F-11D3-BF4B-00C04F79EFBC}") = "EComm.Entities", "EComm.Entities\EComm.Entities.csproj", "{9D6A2AF5-092F-46E5-897D-A90B3BED359D}"
EndProject
Project("{FAE04EC0-301F-11D3-BF4B-00C04F79EFBC}") = "EComm.DataAccess", "EComm.DataAccess\EComm.DataAccess.csproj", "{0EF4B464-CB37-464D-A908-03956EF07684}"
EndProject
Project("{FAE04EC0-301F-11D3-BF4B-00C04F79EFBC}") = "EComm.Tests", "EComm.Tests\EComm.Tests.csproj", "{A6430F09-F82D-477E-8808-A701225B04EA}"
EndProject
Project("{FAE04EC0-301F-11D3-BF4B-00C04F79EFBC}") = "EComm.RazorUI", "EComm.RazorUI\EComm.RazorUI.csproj", "{77AEF66E-C99A-AEE9-9FA3-8176338D928C}"
EndProject
Project("{FAE04EC0-301F-11D3-BF4B-00C04F79EFBC}") = "EComm.MvcUI", "EComm.MvcUI\EComm.MvcUI.csproj", "{B2883C86-EB42-4405-B6E3-9B562F909991}"
EndProject
Project("{FAE04EC0-301F-11D3-BF4B-00C04F79EFBC}") = "EComm.BlazorUI", "EComm.BlazorUI\EComm.BlazorUI\EComm.BlazorUI.csproj", "{91EC6CC3-657F-4DB1-93F7-56B09F0C0FAB}"
EndProject
Project("{FAE04EC0-301F-11D3-BF4B-00C04F79EFBC}") = "EComm.BlazorUI.Client", "EComm.BlazorUI\EComm.BlazorUI.Client\EComm.BlazorUI.Client.csproj", "{3211F5EE-3CE8-47CF-ABEC-E05539739C50}"
EndProject
Global
	GlobalSection(SolutionConfigurationPlatforms) = preSolution
		Debug|Any CPU = Debug|Any CPU
		Debug|x64 = Debug|x64
		Debug|x86 = Debug|x86
		Release|Any CPU = Release|Any CPU
		Release|x64 = Release|x64
		Release|x86 = Release|x86
	EndGlobalSection
	GlobalSection(ProjectConfigurationPlatforms) = postSolution
		{F363FE23-9988-4CD7-9A0F-047E02BAB7BA}.Debug|Any CPU.ActiveCfg = Debug|Any CPU
		{F363FE23-9988-4CD7-9A0F-047E02BAB7BA}.Debug|Any CPU.Build.0 = Debug|Any CPU
		{F363FE23-9988-4CD7-9A0F-047E02BAB7BA}.Debug|x64.ActiveCfg = Debug|Any CPU
		{F363FE23-9988-4CD7-9A0F-047E02BAB7BA}.Debug|x64.Build.0 = Debug|Any CPU
		{F363FE23-9988-4CD7-9A0F-047E02BAB7BA}.Debug|x86.ActiveCfg = Debug|Any CPU
		{F363FE23-9988-4CD7-9A0F-047E02BAB7BA}.Debug|x86.Build.0 = Debug|Any CPU
		{F363FE23-9988-4CD7-9A0F-047E02BAB7BA}.Release|Any CPU.ActiveCfg = Release|Any CPU
		{F363FE23-9988-4CD7-9A0F-047E02BAB7BA}.Release|Any CPU.Build.0 = Release|Any CPU
		{F363FE23-9988-4CD7-9A0F-047E02BAB7BA}.Release|x64.ActiveCfg = Release|Any CPU
		{F363FE23-9988-4CD7-9A0F-047E02BAB7BA}.Release|x64.Build.0 = Release|Any CPU
		{F363FE23-9988-4CD7-9A0F-047E02BAB7BA}.Release|x86.ActiveCfg = Release|Any CPU
		{F363FE23-9988-4CD7-9A0F-047E02BAB7BA}.Release|x86.Build.0 = Release|Any CPU
		{9D6A2AF5-092F-46E5-897D-A90B3BED359D}.Debug|Any CPU.ActiveCfg = Debug|Any CPU
		{9D6A2AF5-092F-46E5-897D-A90B3BED359D}.Debug|Any CPU.Build.0 = Debug|Any CPU
		{9D6A2AF5-092F-46E5-897D-A90B3BED359D}.Debug|x64.ActiveCfg = Debug|Any CPU
		{9D6A2AF5-092F-46E5-897D-A90B3BED359D}.Debug|x64.Build.0 = Debug|Any CPU
		{9D6A2AF5-092F-46E5-897D-A90B3BED359D}.Debug|x86.ActiveCfg = Debug|Any CPU
		{9D6A2AF5-092F-46E5-897D-A90B3BED359D}.Debug|x86.Build.0 = Debug|Any CPU
		{9D6A2AF5-092F-46E5-897D-A90B3BED359D}.Release|Any CPU.ActiveCfg = Release|Any CPU
		{9D6A2AF5-092F-46E5-897D-A90B3BED359D}.Release|Any CPU.Build.0 = Release|Any CPU
		{9D6A2AF5-092F-46E5-897D-A90B3BED359D}.Release|x64.ActiveCfg = Release|Any CPU
		{9D6A2AF5-092F-46E5-897D-A90B3BED359D}.Release|x64.Build.0 = Release|Any CPU
		{9D6A2AF5-092F-46E5-897D-A90B3BED359D}.Release|x86.ActiveCfg = Release|Any CPU
		{9D6A2AF5-092F-46E5-897D-A90B3BED359D}.Release|x86.Build.0 = Release|Any CPU
		{0EF4B464-CB37-464D-A908-03956EF07684}.Debug|Any CPU.ActiveCfg = Debug|Any CPU
		{0EF4B464-CB37-464D-A908-03956EF07684}.Debug|Any CPU.Build.0 = Debug|Any CPU
		{0EF4B464-CB37-464D-A908-03956EF07684}.Debug|x64.ActiveCfg = Debug|Any CPU
		{0EF4B464-CB37-464D-A908-03956EF07684}.Debug|x64.Build.0 = Debug|Any CPU
		{0EF4B464-CB37-464D-A908-03956EF07684}.Debug|x86.ActiveCfg = Debug|Any CPU
		{0EF4B464-CB37-464D-A908-03956EF07684}.Debug|x86.Build.0 = Debug|Any CPU
		{0EF4B464-CB37-464D-A908-03956EF07684}.Release|Any CPU.ActiveCfg = Release|Any CPU
		{0EF4B464-CB37-464D-A908-03956EF07684}.Release|Any CPU.Build.0 = Release|Any CPU
		{0EF4B464-CB37-464D-A908-03956EF07684}.Release|x64.ActiveCfg = Release|Any CPU
		{0EF4B464-CB37-464D-A908-03956EF07684}.Release|x64.Build.0 = Release|Any CPU
		{0EF4B464-CB37-464D-A908-03956EF07684}.Release|x86.ActiveCfg = Release|Any CPU
		{0EF4B464-CB37-464D-A908-03956EF07684}.Release|x86.Build.0 = Release|Any CPU
		{A6430F09-F82D-477E-8808-A701225B04EA}.Debug|Any CPU.ActiveCfg = Debug|Any CPU
		{A6430F09-F82D-477E-8808-A701225B04EA}.Debug|Any CPU.Build.0 = Debug|Any CPU
		{A6430F09-F82D-477E-8808-A701225B04EA}.Debug|x64.ActiveCfg = Debug|Any CPU
		{A6430F09-F82D-477E-8808-A701225B04EA}.Debug|x64.Build.0 = Debug|Any CPU
		{A6430F09-F82D-477E-8808-A701225B04EA}.Debug|x86.ActiveCfg = Debug|Any CPU
		{A6430F09-F82D-477E-8808-A701225B04EA}.Debug|x86.Build.0 = Debug|Any CPU
		{A6430F09-F82D-477E-8808-A701225B04EA}.Release|Any CPU.ActiveCfg = Release|Any CPU
		{A6430F09-F82D-477E-8808-A701225B04EA}.Release|Any CPU.Build.0 = Release|Any CPU
		{A6430F09-F82D-477E-8808-A701225B04EA}.Release|x64.ActiveCfg = Release|Any CPU
		{A6430F09-F82D-477E-8808-A701225B04EA}.Release|x64.Build.0 = Release|Any CPU
		{A6430F09-F82D-477E-8808-A701225B04EA}.Release|x86.ActiveCfg = Release|Any CPU
		{A6430F09-F82D-477E-8808-A701225B04EA}.Release|x86.Build.0 = Release|Any CPU
		{77AEF66E-C99A-AEE9-9FA3-8176338D928C}.Debug|Any CPU.ActiveCfg = Debug|Any CPU
		{77AEF66E-C99A-AEE9-9FA3-8176338D928C}.Debug|Any CPU.Build.0 = Debug|Any CPU
		{77AEF66E-C99A-AEE9-9FA3-8176338D928C}.Debug|x64.ActiveCfg = Debug|Any CPU
		{77AEF66E-C99A-AEE9-9FA3-8176338D928C}.Debug|x64.Build.0 = Debug|Any CPU
		{77AEF66E-C99A-AEE9-9FA3-8176338D928C}.Debug|x86.ActiveCfg = Debug|Any CPU
		{77AEF66E-C99A-AEE9-9FA3-8176338D928C}.Debug|x86.Build.0 = Debug|Any CPU
		{77AEF66E-C99A-AEE9-9FA3-8176338D928C}.Release|Any CPU.ActiveCfg = Release|Any CPU
		{77AEF66E-C99A-AEE9-9FA3-8176338D928C}.Release|Any CPU.Build.0 = Release|Any CPU
		{77AEF66E-C99A-AEE9-9FA3-8176338D928C}.Release|x64.ActiveCfg = Release|Any CPU
		{77AEF66E-C99A-AEE9-9FA3-8176338D928C}.Release|x64.Build.0 = Release|Any CPU
		{77AEF66E-C99A-AEE9-9FA3-8176338D928C}.Release|x86.ActiveCfg = Release|Any CPU
		{77AEF66E-C99A-AEE9-9FA3-8176338D928C}.Release|x86.Build.0 = Release|Any CPU
		{B2883C86-EB42-4405-B6E3-9B562F909991}.Debug|Any CPU.ActiveCfg = Debug|Any CPU
		{B2883C86-EB42-4405-B6E3-9B562F909991}.Debug|Any CPU.Build.0 = Debug|Any CPU
		{B2883C86-EB42-4405-B6E3-9B562F909991}.Debug|x64.ActiveCfg = Debug|Any CPU
		{B2883C86-EB42-4405-B6E3-9B562F909991}.Debug|x64.Build.0 = Debug|Any CPU
		{B2883C86-EB42-4405-B6E3-9B562F909991}.Debug|x86.ActiveCfg = Debug|Any CPU
		{B2883C86-EB42-4405-B6E3-9B562F909991}.Debug|x86.Build.0 = Debug|Any CPU
		{B2883C86-EB42-4405-B6E3-9B562F909991}.Release|Any CPU.ActiveCfg = Release|Any CPU
		{B2883C86-EB42-4405-B6E3-9B562F909991}.Release|Any CPU.Build.0 = Release|Any CPU
		{B2883C86-EB42-4405-B6E3-9B562F909991}.Release|x64.ActiveCfg = Release|Any CPU
		{B2883C86-EB42-4405-B6E3-9B562F909991}.Release|x64.Build.0 = Release|Any CPU
		{B2883C86-EB42-4405-B6E3-9B562F909991}.Release|x86.ActiveCfg = Release|Any CPU
		{B2883C86-EB42-4405-B6E3-9B562F909991}.Release|x86.Build.0 = Release|Any CPU
		{91EC6CC3-657F-4DB1-93F7-56B09F0C0FAB}.Debug|Any CPU.ActiveCfg = Debug|Any CPU
		{91EC6CC3-657F-4DB1-93F7-56B09F0C0FAB}.Debug|Any CPU.Build.0 = Debug|Any CPU
		{91EC6CC3-657F-4DB1-93F7-56B09F0C0FAB}.Debug|x64.ActiveCfg = Debug|Any CPU
		{91EC6CC3-657F-4DB1-93F7-56B09F0C0FAB}.Debug|x64.Build.0 = Debug|Any CPU
		{91EC6CC3-657F-4DB1-93F7-56B09F0C0FAB}.Debug|x86.ActiveCfg = Debug|Any CPU
		{91EC6CC3-657F-4DB1-93F7-56B09F0C0FAB}.Debug|x86.Build.0 = Debug|Any CPU
		{91EC6CC3-657F-4DB1-93F7-56B09F0C0FAB}.Release|Any CPU.ActiveCfg = Release|Any CPU
		{91EC6CC3-657F-4DB1-93F7-56B09F0C0FAB}.Release|Any CPU.Build.0 = Release|Any CPU
		{91EC6CC3-657F-4DB1-93F7-56B09F0C0FAB}.Release|x64.ActiveCfg = Release|Any CPU
		{91EC6CC3-657F-4DB1-93F7-56B09F0C0FAB}.Release|x64.Build.0 = Release|Any CPU
		{91EC6CC3-657F-4DB1-93F7-56B09F0C0FAB}.Release|x86.ActiveCfg = Release|Any CPU
		{91EC6CC3-657F-4DB1-93F7-56B09F0C0FAB}.Release|x86.Build.0 = Release|Any CPU
		{3211F5EE-3CE8-47CF-ABEC-E05539739C50}.Debug|Any CPU.ActiveCfg = Debug|Any CPU
		{3211F5EE-3CE8-47CF-ABEC-E05539739C50}.Debug|Any CPU.Build.0 = Debug|Any CPU
		{3211F5EE-3CE8-47CF-ABEC-E05539739C50}.Debug|x64.ActiveCfg = Debug|Any CPU
		{3211F5EE-3CE8-47CF-ABEC-E05539739C50}.Debug|x64.Build.0 = Debug|Any CPU
		{3211F5EE-3CE8-47CF-ABEC-E05539739C50}.Debug|x86.ActiveCfg = Debug|Any CPU
		{3211F5EE-3CE8-47CF-ABEC-E05539739C50}.Debug|x86.Build.0 = Debug|Any CPU
		{3211F5EE-3CE8-47CF-ABEC-E05539739C50}.Release|Any CPU.ActiveCfg = Release|Any CPU
		{3211F5EE-3CE8-47CF-ABEC-E05539739C50}.Release|Any CPU.Build.0 = Release|Any CPU
		{3211F5EE-3CE8-47CF-ABEC-E05539739C50}.Release|x64.ActiveCfg = Release|Any CPU
		{3211F5EE-3CE8-47CF-ABEC-E05539739C50}.Release|x64.Build.0 = Release|Any CPU
		{3211F5EE-3CE8-47CF-ABEC-E05539739C50}.Release|x86.ActiveCfg = Release|Any CPU
		{3211F5EE-3CE8-47CF-ABEC-E05539739C50}.Release|x86.Build.0 = Release|Any CPU
	EndGlobalSection
	GlobalSection(SolutionProperties) = preSolution
		HideSolutionNode = FALSE
	EndGlobalSection
	GlobalSection(ExtensibilityGlobals) = postSolution
		SolutionGuid = {1D5D1E8D-1803-4ADE-99DF-C7DF92FEAE52}
	EndGlobalSection
EndGlobal
